PODS:
  - FLEX (1.1.1)
  - objectiveflickr (2.0.4)
  - PureLayout (1.1.0)

DEPENDENCIES:
  - FLEX (~> 1.1)
  - objectiveflickr
  - PureLayout (~> 1.1)

SPEC CHECKSUMS:
  FLEX: 8e53751b915759215d77c7c72b1c7bd28665dac2
  objectiveflickr: 39b43d8db58c75c82295d1babe4596f3e9b4493b
  PureLayout: c8960fa0f3b40d849d5e177d699d0148faa63b63

COCOAPODS: 0.33.1
