// !$*UTF8*$!
{
	archiveVersion = 1;
	classes = {
	};
	objectVersion = 46;
	objects = {

/* Begin PBXBuildFile section */
		9B18DA6419DE161200CB900C /* YPAppDelegate.m in Sources */ = {isa = PBXBuildFile; fileRef = 9B18DA6319DE161200CB900C /* YPAppDelegate.m */; };
		9B18DA6619DE173D00CB900C /* YPMainViewController.storyboard in Resources */ = {isa = PBXBuildFile; fileRef = 9B18DA6519DE173D00CB900C /* YPMainViewController.storyboard */; };
		9B18DA6919DE17E500CB900C /* YPMainViewController.m in Sources */ = {isa = PBXBuildFile; fileRef = 9B18DA6819DE17E500CB900C /* YPMainViewController.m */; };
		9B18DA6C19DE1A6700CB900C /* YPTheme.m in Sources */ = {isa = PBXBuildFile; fileRef = 9B18DA6B19DE1A6700CB900C /* YPTheme.m */; };
		9B18DA6F19DE254400CB900C /* YPMainViewButton.m in Sources */ = {isa = PBXBuildFile; fileRef = 9B18DA6E19DE254400CB900C /* YPMainViewButton.m */; };
		9B8BE29A19DE153D00CFE39A /* main.m in Sources */ = {isa = PBXBuildFile; fileRef = 9B8BE29919DE153D00CFE39A /* main.m */; };
		9B8BE2A519DE153D00CFE39A /* Images.xcassets in Resources */ = {isa = PBXBuildFile; fileRef = 9B8BE2A419DE153D00CFE39A /* Images.xcassets */; };
		9B8BE2A819DE153D00CFE39A /* LaunchScreen.xib in Resources */ = {isa = PBXBuildFile; fileRef = 9B8BE2A619DE153D00CFE39A /* LaunchScreen.xib */; };
		9B8BE2B419DE153D00CFE39A /* YaleTests.m in Sources */ = {isa = PBXBuildFile; fileRef = 9B8BE2B319DE153D00CFE39A /* YaleTests.m */; };
		9BCB4AD419DF4A4F000C35C5 /* YPMainViewButtonCollectionViewCell.m in Sources */ = {isa = PBXBuildFile; fileRef = 9BCB4AD319DF4A4F000C35C5 /* YPMainViewButtonCollectionViewCell.m */; };
		AB0071D419E4C8F000ABF52D /* YPNewsTopicsTableViewController.m in Sources */ = {isa = PBXBuildFile; fileRef = AB0071D319E4C8F000ABF52D /* YPNewsTopicsTableViewController.m */; };
		AB0071D719E4C90300ABF52D /* YPNewsArticlesTableViewController.m in Sources */ = {isa = PBXBuildFile; fileRef = AB0071D619E4C90300ABF52D /* YPNewsArticlesTableViewController.m */; };
		AB0071DA19E4C92300ABF52D /* YPNewsEmbeddedViewController.m in Sources */ = {isa = PBXBuildFile; fileRef = AB0071D919E4C92300ABF52D /* YPNewsEmbeddedViewController.m */; };
		AB0071DD19E4D14B00ABF52D /* YPNewsViewController.storyboard in Resources */ = {isa = PBXBuildFile; fileRef = AB0071DC19E4D14B00ABF52D /* YPNewsViewController.storyboard */; };
		AB7D007E19E734FA008047A6 /* YPNewsArticleCell.xib in Resources */ = {isa = PBXBuildFile; fileRef = AB7D007D19E734FA008047A6 /* YPNewsArticleCell.xib */; };
		AB7D008119E7361B008047A6 /* YPNewsArticleCell.m in Sources */ = {isa = PBXBuildFile; fileRef = AB7D008019E7361B008047A6 /* YPNewsArticleCell.m */; };
		DC72D6F84DC8499796A7F96A /* libPods.a in Frameworks */ = {isa = PBXBuildFile; fileRef = 1D18846582394F449BE058FB /* libPods.a */; };
		EA54231919E4CEE000E75859 /* (null) in Resources */ = {isa = PBXBuildFile; };
		EA54231B19E4DAD200E75859 /* YPStandardCell.xib in Resources */ = {isa = PBXBuildFile; fileRef = EA54231A19E4DAD200E75859 /* YPStandardCell.xib */; };
		EA54231E19E4E63B00E75859 /* YPPhotoCollectionViewCell.m in Sources */ = {isa = PBXBuildFile; fileRef = EA54231D19E4E63B00E75859 /* YPPhotoCollectionViewCell.m */; };
		EA54232119E58BB900E75859 /* YPStandardTableView.m in Sources */ = {isa = PBXBuildFile; fileRef = EA54232019E58BB900E75859 /* YPStandardTableView.m */; };
		EAB6861319DF2FDF0006C06F /* YPFlickrCommunicator.m in Sources */ = {isa = PBXBuildFile; fileRef = EAB6861219DF2FDF0006C06F /* YPFlickrCommunicator.m */; };
		EAB6861619DF34690006C06F /* YPPhotoViewController.storyboard in Resources */ = {isa = PBXBuildFile; fileRef = EAB6861519DF34690006C06F /* YPPhotoViewController.storyboard */; };
		EAB6861919DF3CB00006C06F /* YPPhotoViewController.m in Sources */ = {isa = PBXBuildFile; fileRef = EAB6861819DF3CB00006C06F /* YPPhotoViewController.m */; };
		EAB6861C19E09B830006C06F /* YPStandardCell.m in Sources */ = {isa = PBXBuildFile; fileRef = EAB6861B19E09B830006C06F /* YPStandardCell.m */; };
		EAB6861F19E118830006C06F /* YPPhotoDetailViewController.m in Sources */ = {isa = PBXBuildFile; fileRef = EAB6861E19E118830006C06F /* YPPhotoDetailViewController.m */; };
/* End PBXBuildFile section */

/* Begin PBXContainerItemProxy section */
		9B8BE2AE19DE153D00CFE39A /* PBXContainerItemProxy */ = {
			isa = PBXContainerItemProxy;
			containerPortal = 9B8BE28C19DE153D00CFE39A /* Project object */;
			proxyType = 1;
			remoteGlobalIDString = 9B8BE29319DE153D00CFE39A;
			remoteInfo = Yale;
		};
/* End PBXContainerItemProxy section */

/* Begin PBXFileReference section */
		1D18846582394F449BE058FB /* libPods.a */ = {isa = PBXFileReference; explicitFileType = archive.ar; includeInIndex = 0; path = libPods.a; sourceTree = BUILT_PRODUCTS_DIR; };
		7D74949ED8AE46D3A96EA85B /* Pods.xcconfig */ = {isa = PBXFileReference; includeInIndex = 1; lastKnownFileType = text.xcconfig; name = Pods.xcconfig; path = Pods/Pods.xcconfig; sourceTree = "<group>"; };
		9B18DA6219DE161200CB900C /* YPAppDelegate.h */ = {isa = PBXFileReference; fileEncoding = 4; lastKnownFileType = sourcecode.c.h; path = YPAppDelegate.h; sourceTree = "<group>"; };
		9B18DA6319DE161200CB900C /* YPAppDelegate.m */ = {isa = PBXFileReference; fileEncoding = 4; lastKnownFileType = sourcecode.c.objc; path = YPAppDelegate.m; sourceTree = "<group>"; };
		9B18DA6519DE173D00CB900C /* YPMainViewController.storyboard */ = {isa = PBXFileReference; fileEncoding = 4; lastKnownFileType = file.storyboard; name = YPMainViewController.storyboard; path = Storyboards/YPMainViewController.storyboard; sourceTree = "<group>"; };
		9B18DA6719DE17E500CB900C /* YPMainViewController.h */ = {isa = PBXFileReference; fileEncoding = 4; lastKnownFileType = sourcecode.c.h; name = YPMainViewController.h; path = "View Controllers/YPMainViewController.h"; sourceTree = "<group>"; };
		9B18DA6819DE17E500CB900C /* YPMainViewController.m */ = {isa = PBXFileReference; fileEncoding = 4; lastKnownFileType = sourcecode.c.objc; name = YPMainViewController.m; path = "View Controllers/YPMainViewController.m"; sourceTree = "<group>"; };
		9B18DA6A19DE1A6700CB900C /* YPTheme.h */ = {isa = PBXFileReference; fileEncoding = 4; lastKnownFileType = sourcecode.c.h; name = YPTheme.h; path = Theme/YPTheme.h; sourceTree = "<group>"; };
		9B18DA6B19DE1A6700CB900C /* YPTheme.m */ = {isa = PBXFileReference; fileEncoding = 4; lastKnownFileType = sourcecode.c.objc; name = YPTheme.m; path = Theme/YPTheme.m; sourceTree = "<group>"; };
		9B18DA6D19DE254400CB900C /* YPMainViewButton.h */ = {isa = PBXFileReference; fileEncoding = 4; lastKnownFileType = sourcecode.c.h; name = YPMainViewButton.h; path = "Custom Views/YPMainViewButton.h"; sourceTree = "<group>"; };
		9B18DA6E19DE254400CB900C /* YPMainViewButton.m */ = {isa = PBXFileReference; fileEncoding = 4; lastKnownFileType = sourcecode.c.objc; name = YPMainViewButton.m; path = "Custom Views/YPMainViewButton.m"; sourceTree = "<group>"; };
		9B8BE29419DE153D00CFE39A /* Yale.app */ = {isa = PBXFileReference; explicitFileType = wrapper.application; includeInIndex = 0; path = Yale.app; sourceTree = BUILT_PRODUCTS_DIR; };
		9B8BE29819DE153D00CFE39A /* Info.plist */ = {isa = PBXFileReference; lastKnownFileType = text.plist.xml; path = Info.plist; sourceTree = "<group>"; };
		9B8BE29919DE153D00CFE39A /* main.m */ = {isa = PBXFileReference; lastKnownFileType = sourcecode.c.objc; path = main.m; sourceTree = "<group>"; };
		9B8BE2A419DE153D00CFE39A /* Images.xcassets */ = {isa = PBXFileReference; lastKnownFileType = folder.assetcatalog; path = Images.xcassets; sourceTree = "<group>"; };
		9B8BE2A719DE153D00CFE39A /* Base */ = {isa = PBXFileReference; lastKnownFileType = file.xib; name = Base; path = Base.lproj/LaunchScreen.xib; sourceTree = "<group>"; };
		9B8BE2AD19DE153D00CFE39A /* YaleTests.xctest */ = {isa = PBXFileReference; explicitFileType = wrapper.cfbundle; includeInIndex = 0; path = YaleTests.xctest; sourceTree = BUILT_PRODUCTS_DIR; };
		9B8BE2B219DE153D00CFE39A /* Info.plist */ = {isa = PBXFileReference; lastKnownFileType = text.plist.xml; path = Info.plist; sourceTree = "<group>"; };
		9B8BE2B319DE153D00CFE39A /* YaleTests.m */ = {isa = PBXFileReference; lastKnownFileType = sourcecode.c.objc; path = YaleTests.m; sourceTree = "<group>"; };
		9BCB4AD219DF4A4F000C35C5 /* YPMainViewButtonCollectionViewCell.h */ = {isa = PBXFileReference; fileEncoding = 4; lastKnownFileType = sourcecode.c.h; name = YPMainViewButtonCollectionViewCell.h; path = "Custom Views/YPMainViewButtonCollectionViewCell.h"; sourceTree = "<group>"; };
		9BCB4AD319DF4A4F000C35C5 /* YPMainViewButtonCollectionViewCell.m */ = {isa = PBXFileReference; fileEncoding = 4; lastKnownFileType = sourcecode.c.objc; name = YPMainViewButtonCollectionViewCell.m; path = "Custom Views/YPMainViewButtonCollectionViewCell.m"; sourceTree = "<group>"; };
		9BF5C67919F19FDD00AB7BE9 /* ConfigPrivate.h */ = {isa = PBXFileReference; fileEncoding = 4; lastKnownFileType = sourcecode.c.h; path = ConfigPrivate.h; sourceTree = "<group>"; };
		AB0071D219E4C8F000ABF52D /* YPNewsTopicsTableViewController.h */ = {isa = PBXFileReference; fileEncoding = 4; lastKnownFileType = sourcecode.c.h; path = YPNewsTopicsTableViewController.h; sourceTree = "<group>"; };
		AB0071D319E4C8F000ABF52D /* YPNewsTopicsTableViewController.m */ = {isa = PBXFileReference; fileEncoding = 4; lastKnownFileType = sourcecode.c.objc; path = YPNewsTopicsTableViewController.m; sourceTree = "<group>"; };
		AB0071D519E4C90300ABF52D /* YPNewsArticlesTableViewController.h */ = {isa = PBXFileReference; fileEncoding = 4; lastKnownFileType = sourcecode.c.h; path = YPNewsArticlesTableViewController.h; sourceTree = "<group>"; };
		AB0071D619E4C90300ABF52D /* YPNewsArticlesTableViewController.m */ = {isa = PBXFileReference; fileEncoding = 4; lastKnownFileType = sourcecode.c.objc; path = YPNewsArticlesTableViewController.m; sourceTree = "<group>"; };
		AB0071D819E4C92300ABF52D /* YPNewsEmbeddedViewController.h */ = {isa = PBXFileReference; fileEncoding = 4; lastKnownFileType = sourcecode.c.h; path = YPNewsEmbeddedViewController.h; sourceTree = "<group>"; };
		AB0071D919E4C92300ABF52D /* YPNewsEmbeddedViewController.m */ = {isa = PBXFileReference; fileEncoding = 4; lastKnownFileType = sourcecode.c.objc; path = YPNewsEmbeddedViewController.m; sourceTree = "<group>"; };
		AB0071DC19E4D14B00ABF52D /* YPNewsViewController.storyboard */ = {isa = PBXFileReference; fileEncoding = 4; lastKnownFileType = file.storyboard; path = YPNewsViewController.storyboard; sourceTree = "<group>"; };
		AB7D007D19E734FA008047A6 /* YPNewsArticleCell.xib */ = {isa = PBXFileReference; fileEncoding = 4; lastKnownFileType = file.xib; path = YPNewsArticleCell.xib; sourceTree = "<group>"; };
		AB7D007F19E7361B008047A6 /* YPNewsArticleCell.h */ = {isa = PBXFileReference; fileEncoding = 4; lastKnownFileType = sourcecode.c.h; path = YPNewsArticleCell.h; sourceTree = "<group>"; };
		AB7D008019E7361B008047A6 /* YPNewsArticleCell.m */ = {isa = PBXFileReference; fileEncoding = 4; lastKnownFileType = sourcecode.c.objc; path = YPNewsArticleCell.m; sourceTree = "<group>"; };
		EA54231A19E4DAD200E75859 /* YPStandardCell.xib */ = {isa = PBXFileReference; fileEncoding = 4; lastKnownFileType = file.xib; name = YPStandardCell.xib; path = "Custom Views/YPStandardCell.xib"; sourceTree = "<group>"; };
		EA54231C19E4E63B00E75859 /* YPPhotoCollectionViewCell.h */ = {isa = PBXFileReference; fileEncoding = 4; lastKnownFileType = sourcecode.c.h; name = YPPhotoCollectionViewCell.h; path = "Custom Views/YPPhotoCollectionViewCell.h"; sourceTree = "<group>"; };
		EA54231D19E4E63B00E75859 /* YPPhotoCollectionViewCell.m */ = {isa = PBXFileReference; fileEncoding = 4; lastKnownFileType = sourcecode.c.objc; name = YPPhotoCollectionViewCell.m; path = "Custom Views/YPPhotoCollectionViewCell.m"; sourceTree = "<group>"; };
		EA54231F19E58BB900E75859 /* YPStandardTableView.h */ = {isa = PBXFileReference; fileEncoding = 4; lastKnownFileType = sourcecode.c.h; name = YPStandardTableView.h; path = "Custom Views/YPStandardTableView.h"; sourceTree = "<group>"; };
		EA54232019E58BB900E75859 /* YPStandardTableView.m */ = {isa = PBXFileReference; fileEncoding = 4; lastKnownFileType = sourcecode.c.objc; name = YPStandardTableView.m; path = "Custom Views/YPStandardTableView.m"; sourceTree = "<group>"; };
		EAB6861119DF2FDF0006C06F /* YPFlickrCommunicator.h */ = {isa = PBXFileReference; fileEncoding = 4; lastKnownFileType = sourcecode.c.h; name = YPFlickrCommunicator.h; path = ServerCommunicators/YPFlickrCommunicator.h; sourceTree = "<group>"; };
		EAB6861219DF2FDF0006C06F /* YPFlickrCommunicator.m */ = {isa = PBXFileReference; fileEncoding = 4; lastKnownFileType = sourcecode.c.objc; name = YPFlickrCommunicator.m; path = ServerCommunicators/YPFlickrCommunicator.m; sourceTree = "<group>"; };
		EAB6861419DF30F80006C06F /* Config.h */ = {isa = PBXFileReference; lastKnownFileType = sourcecode.c.h; path = Config.h; sourceTree = "<group>"; };
		EAB6861519DF34690006C06F /* YPPhotoViewController.storyboard */ = {isa = PBXFileReference; fileEncoding = 4; lastKnownFileType = file.storyboard; name = YPPhotoViewController.storyboard; path = Storyboards/YPPhotoViewController.storyboard; sourceTree = "<group>"; };
		EAB6861719DF3CB00006C06F /* YPPhotoViewController.h */ = {isa = PBXFileReference; fileEncoding = 4; lastKnownFileType = sourcecode.c.h; name = YPPhotoViewController.h; path = "View Controllers/YPPhotoViewController.h"; sourceTree = "<group>"; };
		EAB6861819DF3CB00006C06F /* YPPhotoViewController.m */ = {isa = PBXFileReference; fileEncoding = 4; lastKnownFileType = sourcecode.c.objc; name = YPPhotoViewController.m; path = "View Controllers/YPPhotoViewController.m"; sourceTree = "<group>"; };
		EAB6861A19E09B830006C06F /* YPStandardCell.h */ = {isa = PBXFileReference; fileEncoding = 4; lastKnownFileType = sourcecode.c.h; name = YPStandardCell.h; path = "Custom Views/YPStandardCell.h"; sourceTree = "<group>"; };
		EAB6861B19E09B830006C06F /* YPStandardCell.m */ = {isa = PBXFileReference; fileEncoding = 4; lastKnownFileType = sourcecode.c.objc; name = YPStandardCell.m; path = "Custom Views/YPStandardCell.m"; sourceTree = "<group>"; };
		EAB6861D19E118830006C06F /* YPPhotoDetailViewController.h */ = {isa = PBXFileReference; fileEncoding = 4; lastKnownFileType = sourcecode.c.h; name = YPPhotoDetailViewController.h; path = "View Controllers/YPPhotoDetailViewController.h"; sourceTree = "<group>"; };
		EAB6861E19E118830006C06F /* YPPhotoDetailViewController.m */ = {isa = PBXFileReference; fileEncoding = 4; lastKnownFileType = sourcecode.c.objc; name = YPPhotoDetailViewController.m; path = "View Controllers/YPPhotoDetailViewController.m"; sourceTree = "<group>"; };
/* End PBXFileReference section */

/* Begin PBXFrameworksBuildPhase section */
		9B8BE29119DE153D00CFE39A /* Frameworks */ = {
			isa = PBXFrameworksBuildPhase;
			buildActionMask = 2147483647;
			files = (
				DC72D6F84DC8499796A7F96A /* libPods.a in Frameworks */,
			);
			runOnlyForDeploymentPostprocessing = 0;
		};
		9B8BE2AA19DE153D00CFE39A /* Frameworks */ = {
			isa = PBXFrameworksBuildPhase;
			buildActionMask = 2147483647;
			files = (
			);
			runOnlyForDeploymentPostprocessing = 0;
		};
/* End PBXFrameworksBuildPhase section */

/* Begin PBXGroup section */
		2395C5850E374676A9D38AFB /* Frameworks */ = {
			isa = PBXGroup;
			children = (
				1D18846582394F449BE058FB /* libPods.a */,
			);
			name = Frameworks;
			sourceTree = "<group>";
		};
		9B2249FC19E4C96E0064C188 /* MainView */ = {
			isa = PBXGroup;
			children = (
				9B18DA6719DE17E500CB900C /* YPMainViewController.h */,
				9B18DA6819DE17E500CB900C /* YPMainViewController.m */,
			);
			name = MainView;
			sourceTree = "<group>";
		};
		9B2249FD19E4C9760064C188 /* View Controllers */ = {
			isa = PBXGroup;
			children = (
				9B2249FC19E4C96E0064C188 /* MainView */,
				EAB6862019E1189B0006C06F /* Photo */,
			);
			name = "View Controllers";
			sourceTree = "<group>";
		};
		9B2249FE19E4C9850064C188 /* Custom Views */ = {
			isa = PBXGroup;
			children = (
				9B18DA6D19DE254400CB900C /* YPMainViewButton.h */,
				9B18DA6E19DE254400CB900C /* YPMainViewButton.m */,
				EAB6861A19E09B830006C06F /* YPStandardCell.h */,
				EAB6861B19E09B830006C06F /* YPStandardCell.m */,
				EA54231A19E4DAD200E75859 /* YPStandardCell.xib */,
				9BCB4AD219DF4A4F000C35C5 /* YPMainViewButtonCollectionViewCell.h */,
				9BCB4AD319DF4A4F000C35C5 /* YPMainViewButtonCollectionViewCell.m */,
				EA54231C19E4E63B00E75859 /* YPPhotoCollectionViewCell.h */,
				EA54231D19E4E63B00E75859 /* YPPhotoCollectionViewCell.m */,
				EA54231F19E58BB900E75859 /* YPStandardTableView.h */,
				EA54232019E58BB900E75859 /* YPStandardTableView.m */,
			);
			name = "Custom Views";
			sourceTree = "<group>";
		};
		9B2249FF19E4C98D0064C188 /* Storyboards */ = {
			isa = PBXGroup;
			children = (
				AB0071DC19E4D14B00ABF52D /* YPNewsViewController.storyboard */,
				9B18DA6519DE173D00CB900C /* YPMainViewController.storyboard */,
				EAB6861519DF34690006C06F /* YPPhotoViewController.storyboard */,
			);
			name = Storyboards;
			sourceTree = "<group>";
		};
		9B224A0019E4C9A20064C188 /* UI Helpers */ = {
			isa = PBXGroup;
			children = (
				9B18DA6A19DE1A6700CB900C /* YPTheme.h */,
				9B18DA6B19DE1A6700CB900C /* YPTheme.m */,
			);
			name = "UI Helpers";
			sourceTree = "<group>";
		};
		9B8BE28B19DE153D00CFE39A = {
			isa = PBXGroup;
			children = (
				9B8BE29619DE153D00CFE39A /* Yale */,
				9B8BE2B019DE153D00CFE39A /* YaleTests */,
				9B8BE29519DE153D00CFE39A /* Products */,
				7D74949ED8AE46D3A96EA85B /* Pods.xcconfig */,
				2395C5850E374676A9D38AFB /* Frameworks */,
			);
			sourceTree = "<group>";
		};
		9B8BE29519DE153D00CFE39A /* Products */ = {
			isa = PBXGroup;
			children = (
				9B8BE29419DE153D00CFE39A /* Yale.app */,
				9B8BE2AD19DE153D00CFE39A /* YaleTests.xctest */,
			);
			name = Products;
			sourceTree = "<group>";
		};
		9B8BE29619DE153D00CFE39A /* Yale */ = {
			isa = PBXGroup;
			children = (
				EAB6861419DF30F80006C06F /* Config.h */,
				9BF5C67919F19FDD00AB7BE9 /* ConfigPrivate.h */,
				AB0071DB19E4C92A00ABF52D /* News */,
				9B18DA6219DE161200CB900C /* YPAppDelegate.h */,
				9B18DA6319DE161200CB900C /* YPAppDelegate.m */,
				EAB6861019DF2F890006C06F /* ServerCommunicators */,
				9B2249FF19E4C98D0064C188 /* Storyboards */,
				9B2249FE19E4C9850064C188 /* Custom Views */,
				9B2249FD19E4C9760064C188 /* View Controllers */,
				9B224A0019E4C9A20064C188 /* UI Helpers */,
				9B8BE2A419DE153D00CFE39A /* Images.xcassets */,
				9B8BE2A619DE153D00CFE39A /* LaunchScreen.xib */,
				9B8BE29719DE153D00CFE39A /* Supporting Files */,
			);
			path = Yale;
			sourceTree = "<group>";
		};
		9B8BE29719DE153D00CFE39A /* Supporting Files */ = {
			isa = PBXGroup;
			children = (
				9B8BE29819DE153D00CFE39A /* Info.plist */,
				9B8BE29919DE153D00CFE39A /* main.m */,
			);
			name = "Supporting Files";
			sourceTree = "<group>";
		};
		9B8BE2B019DE153D00CFE39A /* YaleTests */ = {
			isa = PBXGroup;
			children = (
				9B8BE2B319DE153D00CFE39A /* YaleTests.m */,
				9B8BE2B119DE153D00CFE39A /* Supporting Files */,
			);
			path = YaleTests;
			sourceTree = "<group>";
		};
		9B8BE2B119DE153D00CFE39A /* Supporting Files */ = {
			isa = PBXGroup;
			children = (
				9B8BE2B219DE153D00CFE39A /* Info.plist */,
			);
			name = "Supporting Files";
			sourceTree = "<group>";
		};
		AB0071DB19E4C92A00ABF52D /* News */ = {
			isa = PBXGroup;
			children = (
				AB7D007D19E734FA008047A6 /* YPNewsArticleCell.xib */,
				AB7D007F19E7361B008047A6 /* YPNewsArticleCell.h */,
				AB7D008019E7361B008047A6 /* YPNewsArticleCell.m */,
				AB0071D519E4C90300ABF52D /* YPNewsArticlesTableViewController.h */,
				AB0071D619E4C90300ABF52D /* YPNewsArticlesTableViewController.m */,
				AB0071D219E4C8F000ABF52D /* YPNewsTopicsTableViewController.h */,
				AB0071D319E4C8F000ABF52D /* YPNewsTopicsTableViewController.m */,
				AB0071D819E4C92300ABF52D /* YPNewsEmbeddedViewController.h */,
				AB0071D919E4C92300ABF52D /* YPNewsEmbeddedViewController.m */,
			);
			name = News;
			sourceTree = "<group>";
		};
		EAB6861019DF2F890006C06F /* ServerCommunicators */ = {
			isa = PBXGroup;
			children = (
				EAB6861119DF2FDF0006C06F /* YPFlickrCommunicator.h */,
				EAB6861219DF2FDF0006C06F /* YPFlickrCommunicator.m */,
			);
			name = ServerCommunicators;
			sourceTree = "<group>";
		};
		EAB6862019E1189B0006C06F /* Photo */ = {
			isa = PBXGroup;
			children = (
				EAB6861719DF3CB00006C06F /* YPPhotoViewController.h */,
				EAB6861819DF3CB00006C06F /* YPPhotoViewController.m */,
				EAB6861D19E118830006C06F /* YPPhotoDetailViewController.h */,
				EAB6861E19E118830006C06F /* YPPhotoDetailViewController.m */,
			);
			name = Photo;
			sourceTree = "<group>";
		};
/* End PBXGroup section */

/* Begin PBXNativeTarget section */
		9B8BE29319DE153D00CFE39A /* Yale */ = {
			isa = PBXNativeTarget;
			buildConfigurationList = 9B8BE2B719DE153D00CFE39A /* Build configuration list for PBXNativeTarget "Yale" */;
			buildPhases = (
				8C12D6FC7FD04D5C9810A3A1 /* Check Pods Manifest.lock */,
				9B8BE29019DE153D00CFE39A /* Sources */,
				9B8BE29119DE153D00CFE39A /* Frameworks */,
				9B8BE29219DE153D00CFE39A /* Resources */,
				9C3EC7CFF6FC44189D8F2275 /* Copy Pods Resources */,
			);
			buildRules = (
			);
			dependencies = (
			);
			name = Yale;
			productName = Yale;
			productReference = 9B8BE29419DE153D00CFE39A /* Yale.app */;
			productType = "com.apple.product-type.application";
		};
		9B8BE2AC19DE153D00CFE39A /* YaleTests */ = {
			isa = PBXNativeTarget;
			buildConfigurationList = 9B8BE2BA19DE153D00CFE39A /* Build configuration list for PBXNativeTarget "YaleTests" */;
			buildPhases = (
				9B8BE2A919DE153D00CFE39A /* Sources */,
				9B8BE2AA19DE153D00CFE39A /* Frameworks */,
				9B8BE2AB19DE153D00CFE39A /* Resources */,
			);
			buildRules = (
			);
			dependencies = (
				9B8BE2AF19DE153D00CFE39A /* PBXTargetDependency */,
			);
			name = YaleTests;
			productName = YaleTests;
			productReference = 9B8BE2AD19DE153D00CFE39A /* YaleTests.xctest */;
			productType = "com.apple.product-type.bundle.unit-test";
		};
/* End PBXNativeTarget section */

/* Begin PBXProject section */
		9B8BE28C19DE153D00CFE39A /* Project object */ = {
			isa = PBXProject;
			attributes = {
				LastUpgradeCheck = 0600;
				ORGANIZATIONNAME = "Hengchu Zhang";
				TargetAttributes = {
					9B8BE29319DE153D00CFE39A = {
						CreatedOnToolsVersion = 6.0.1;
					};
					9B8BE2AC19DE153D00CFE39A = {
						CreatedOnToolsVersion = 6.0.1;
						TestTargetID = 9B8BE29319DE153D00CFE39A;
					};
				};
			};
			buildConfigurationList = 9B8BE28F19DE153D00CFE39A /* Build configuration list for PBXProject "Yale" */;
			compatibilityVersion = "Xcode 3.2";
			developmentRegion = English;
			hasScannedForEncodings = 0;
			knownRegions = (
				en,
				Base,
			);
			mainGroup = 9B8BE28B19DE153D00CFE39A;
			productRefGroup = 9B8BE29519DE153D00CFE39A /* Products */;
			projectDirPath = "";
			projectRoot = "";
			targets = (
				9B8BE29319DE153D00CFE39A /* Yale */,
				9B8BE2AC19DE153D00CFE39A /* YaleTests */,
			);
		};
/* End PBXProject section */

/* Begin PBXResourcesBuildPhase section */
		9B8BE29219DE153D00CFE39A /* Resources */ = {
			isa = PBXResourcesBuildPhase;
			buildActionMask = 2147483647;
			files = (
				AB7D007E19E734FA008047A6 /* YPNewsArticleCell.xib in Resources */,
				9B8BE2A819DE153D00CFE39A /* LaunchScreen.xib in Resources */,
				9B8BE2A519DE153D00CFE39A /* Images.xcassets in Resources */,
				EA54231919E4CEE000E75859 /* (null) in Resources */,
				EAB6861619DF34690006C06F /* YPPhotoViewController.storyboard in Resources */,
				EA54231B19E4DAD200E75859 /* YPStandardCell.xib in Resources */,
				9B18DA6619DE173D00CB900C /* YPMainViewController.storyboard in Resources */,
				AB0071DD19E4D14B00ABF52D /* YPNewsViewController.storyboard in Resources */,
			);
			runOnlyForDeploymentPostprocessing = 0;
		};
		9B8BE2AB19DE153D00CFE39A /* Resources */ = {
			isa = PBXResourcesBuildPhase;
			buildActionMask = 2147483647;
			files = (
			);
			runOnlyForDeploymentPostprocessing = 0;
		};
/* End PBXResourcesBuildPhase section */

/* Begin PBXShellScriptBuildPhase section */
		8C12D6FC7FD04D5C9810A3A1 /* Check Pods Manifest.lock */ = {
			isa = PBXShellScriptBuildPhase;
			buildActionMask = 2147483647;
			files = (
			);
			inputPaths = (
			);
			name = "Check Pods Manifest.lock";
			outputPaths = (
			);
			runOnlyForDeploymentPostprocessing = 0;
			shellPath = /bin/sh;
			shellScript = "diff \"${PODS_ROOT}/../Podfile.lock\" \"${PODS_ROOT}/Manifest.lock\" > /dev/null\nif [[ $? != 0 ]] ; then\n    cat << EOM\nerror: The sandbox is not in sync with the Podfile.lock. Run 'pod install' or update your CocoaPods installation.\nEOM\n    exit 1\nfi\n";
			showEnvVarsInLog = 0;
		};
		9C3EC7CFF6FC44189D8F2275 /* Copy Pods Resources */ = {
			isa = PBXShellScriptBuildPhase;
			buildActionMask = 2147483647;
			files = (
			);
			inputPaths = (
			);
			name = "Copy Pods Resources";
			outputPaths = (
			);
			runOnlyForDeploymentPostprocessing = 0;
			shellPath = /bin/sh;
			shellScript = "\"${SRCROOT}/Pods/Pods-resources.sh\"\n";
			showEnvVarsInLog = 0;
		};
/* End PBXShellScriptBuildPhase section */

/* Begin PBXSourcesBuildPhase section */
		9B8BE29019DE153D00CFE39A /* Sources */ = {
			isa = PBXSourcesBuildPhase;
			buildActionMask = 2147483647;
			files = (
				9B18DA6C19DE1A6700CB900C /* YPTheme.m in Sources */,
				AB0071D419E4C8F000ABF52D /* YPNewsTopicsTableViewController.m in Sources */,
				AB0071D719E4C90300ABF52D /* YPNewsArticlesTableViewController.m in Sources */,
				9B18DA6419DE161200CB900C /* YPAppDelegate.m in Sources */,
				AB7D008119E7361B008047A6 /* YPNewsArticleCell.m in Sources */,
				EAB6861919DF3CB00006C06F /* YPPhotoViewController.m in Sources */,
				EAB6861F19E118830006C06F /* YPPhotoDetailViewController.m in Sources */,
				9BCB4AD419DF4A4F000C35C5 /* YPMainViewButtonCollectionViewCell.m in Sources */,
				9B18DA6919DE17E500CB900C /* YPMainViewController.m in Sources */,
				EA54231E19E4E63B00E75859 /* YPPhotoCollectionViewCell.m in Sources */,
				AB0071DA19E4C92300ABF52D /* YPNewsEmbeddedViewController.m in Sources */,
				9B8BE29A19DE153D00CFE39A /* main.m in Sources */,
				EAB6861C19E09B830006C06F /* YPStandardCell.m in Sources */,
				EA54232119E58BB900E75859 /* YPStandardTableView.m in Sources */,
				EAB6861319DF2FDF0006C06F /* YPFlickrCommunicator.m in Sources */,
				9B18DA6F19DE254400CB900C /* YPMainViewButton.m in Sources */,
			);
			runOnlyForDeploymentPostprocessing = 0;
		};
		9B8BE2A919DE153D00CFE39A /* Sources */ = {
			isa = PBXSourcesBuildPhase;
			buildActionMask = 2147483647;
			files = (
				9B8BE2B419DE153D00CFE39A /* YaleTests.m in Sources */,
			);
			runOnlyForDeploymentPostprocessing = 0;
		};
/* End PBXSourcesBuildPhase section */

/* Begin PBXTargetDependency section */
		9B8BE2AF19DE153D00CFE39A /* PBXTargetDependency */ = {
			isa = PBXTargetDependency;
			target = 9B8BE29319DE153D00CFE39A /* Yale */;
			targetProxy = 9B8BE2AE19DE153D00CFE39A /* PBXContainerItemProxy */;
		};
/* End PBXTargetDependency section */

/* Begin PBXVariantGroup section */
		9B8BE2A619DE153D00CFE39A /* LaunchScreen.xib */ = {
			isa = PBXVariantGroup;
			children = (
				9B8BE2A719DE153D00CFE39A /* Base */,
			);
			name = LaunchScreen.xib;
			sourceTree = "<group>";
		};
/* End PBXVariantGroup section */

/* Begin XCBuildConfiguration section */
		9B8BE2B519DE153D00CFE39A /* Debug */ = {
			isa = XCBuildConfiguration;
			buildSettings = {
				ALWAYS_SEARCH_USER_PATHS = NO;
				CLANG_CXX_LANGUAGE_STANDARD = "gnu++0x";
				CLANG_CXX_LIBRARY = "libc++";
				CLANG_ENABLE_MODULES = YES;
				CLANG_ENABLE_OBJC_ARC = YES;
				CLANG_WARN_BOOL_CONVERSION = YES;
				CLANG_WARN_CONSTANT_CONVERSION = YES;
				CLANG_WARN_DIRECT_OBJC_ISA_USAGE = YES_ERROR;
				CLANG_WARN_EMPTY_BODY = YES;
				CLANG_WARN_ENUM_CONVERSION = YES;
				CLANG_WARN_INT_CONVERSION = YES;
				CLANG_WARN_OBJC_ROOT_CLASS = YES_ERROR;
				CLANG_WARN_UNREACHABLE_CODE = YES;
				CLANG_WARN__DUPLICATE_METHOD_MATCH = YES;
				"CODE_SIGN_IDENTITY[sdk=iphoneos*]" = "iPhone Developer";
				COPY_PHASE_STRIP = NO;
				ENABLE_STRICT_OBJC_MSGSEND = YES;
				GCC_C_LANGUAGE_STANDARD = gnu99;
				GCC_DYNAMIC_NO_PIC = NO;
				GCC_OPTIMIZATION_LEVEL = 0;
				GCC_PREPROCESSOR_DEFINITIONS = (
					"DEBUG=1",
					"$(inherited)",
				);
				GCC_SYMBOLS_PRIVATE_EXTERN = NO;
				GCC_WARN_64_TO_32_BIT_CONVERSION = YES;
				GCC_WARN_ABOUT_RETURN_TYPE = YES_ERROR;
				GCC_WARN_UNDECLARED_SELECTOR = YES;
				GCC_WARN_UNINITIALIZED_AUTOS = YES_AGGRESSIVE;
				GCC_WARN_UNUSED_FUNCTION = YES;
				GCC_WARN_UNUSED_VARIABLE = YES;
				IPHONEOS_DEPLOYMENT_TARGET = 8.0;
				MTL_ENABLE_DEBUG_INFO = YES;
				ONLY_ACTIVE_ARCH = YES;
				SDKROOT = iphoneos;
			};
			name = Debug;
		};
		9B8BE2B619DE153D00CFE39A /* Release */ = {
			isa = XCBuildConfiguration;
			buildSettings = {
				ALWAYS_SEARCH_USER_PATHS = NO;
				CLANG_CXX_LANGUAGE_STANDARD = "gnu++0x";
				CLANG_CXX_LIBRARY = "libc++";
				CLANG_ENABLE_MODULES = YES;
				CLANG_ENABLE_OBJC_ARC = YES;
				CLANG_WARN_BOOL_CONVERSION = YES;
				CLANG_WARN_CONSTANT_CONVERSION = YES;
				CLANG_WARN_DIRECT_OBJC_ISA_USAGE = YES_ERROR;
				CLANG_WARN_EMPTY_BODY = YES;
				CLANG_WARN_ENUM_CONVERSION = YES;
				CLANG_WARN_INT_CONVERSION = YES;
				CLANG_WARN_OBJC_ROOT_CLASS = YES_ERROR;
				CLANG_WARN_UNREACHABLE_CODE = YES;
				CLANG_WARN__DUPLICATE_METHOD_MATCH = YES;
				"CODE_SIGN_IDENTITY[sdk=iphoneos*]" = "iPhone Developer";
				COPY_PHASE_STRIP = YES;
				ENABLE_NS_ASSERTIONS = NO;
				ENABLE_STRICT_OBJC_MSGSEND = YES;
				GCC_C_LANGUAGE_STANDARD = gnu99;
				GCC_WARN_64_TO_32_BIT_CONVERSION = YES;
				GCC_WARN_ABOUT_RETURN_TYPE = YES_ERROR;
				GCC_WARN_UNDECLARED_SELECTOR = YES;
				GCC_WARN_UNINITIALIZED_AUTOS = YES_AGGRESSIVE;
				GCC_WARN_UNUSED_FUNCTION = YES;
				GCC_WARN_UNUSED_VARIABLE = YES;
				IPHONEOS_DEPLOYMENT_TARGET = 8.0;
				MTL_ENABLE_DEBUG_INFO = NO;
				SDKROOT = iphoneos;
				VALIDATE_PRODUCT = YES;
			};
			name = Release;
		};
		9B8BE2B819DE153D00CFE39A /* Debug */ = {
			isa = XCBuildConfiguration;
			baseConfigurationReference = 7D74949ED8AE46D3A96EA85B /* Pods.xcconfig */;
			buildSettings = {
				ASSETCATALOG_COMPILER_APPICON_NAME = AppIcon;
				INFOPLIST_FILE = Yale/Info.plist;
				LD_RUNPATH_SEARCH_PATHS = "$(inherited) @executable_path/Frameworks";
				PRODUCT_NAME = "$(TARGET_NAME)";
			};
			name = Debug;
		};
		9B8BE2B919DE153D00CFE39A /* Release */ = {
			isa = XCBuildConfiguration;
			baseConfigurationReference = 7D74949ED8AE46D3A96EA85B /* Pods.xcconfig */;
			buildSettings = {
				ASSETCATALOG_COMPILER_APPICON_NAME = AppIcon;
				INFOPLIST_FILE = Yale/Info.plist;
				LD_RUNPATH_SEARCH_PATHS = "$(inherited) @executable_path/Frameworks";
				PRODUCT_NAME = "$(TARGET_NAME)";
			};
			name = Release;
		};
		9B8BE2BB19DE153D00CFE39A /* Debug */ = {
			isa = XCBuildConfiguration;
			buildSettings = {
				BUNDLE_LOADER = "$(TEST_HOST)";
				FRAMEWORK_SEARCH_PATHS = (
					"$(SDKROOT)/Developer/Library/Frameworks",
					"$(inherited)",
				);
				GCC_PREPROCESSOR_DEFINITIONS = (
					"DEBUG=1",
					"$(inherited)",
				);
				INFOPLIST_FILE = YaleTests/Info.plist;
				LD_RUNPATH_SEARCH_PATHS = "$(inherited) @executable_path/Frameworks @loader_path/Frameworks";
				PRODUCT_NAME = "$(TARGET_NAME)";
				TEST_HOST = "$(BUILT_PRODUCTS_DIR)/Yale.app/Yale";
			};
			name = Debug;
		};
		9B8BE2BC19DE153D00CFE39A /* Release */ = {
			isa = XCBuildConfiguration;
			buildSettings = {
				BUNDLE_LOADER = "$(TEST_HOST)";
				FRAMEWORK_SEARCH_PATHS = (
					"$(SDKROOT)/Developer/Library/Frameworks",
					"$(inherited)",
				);
				INFOPLIST_FILE = YaleTests/Info.plist;
				LD_RUNPATH_SEARCH_PATHS = "$(inherited) @executable_path/Frameworks @loader_path/Frameworks";
				PRODUCT_NAME = "$(TARGET_NAME)";
				TEST_HOST = "$(BUILT_PRODUCTS_DIR)/Yale.app/Yale";
			};
			name = Release;
		};
/* End XCBuildConfiguration section */

/* Begin XCConfigurationList section */
		9B8BE28F19DE153D00CFE39A /* Build configuration list for PBXProject "Yale" */ = {
			isa = XCConfigurationList;
			buildConfigurations = (
				9B8BE2B519DE153D00CFE39A /* Debug */,
				9B8BE2B619DE153D00CFE39A /* Release */,
			);
			defaultConfigurationIsVisible = 0;
			defaultConfigurationName = Release;
		};
		9B8BE2B719DE153D00CFE39A /* Build configuration list for PBXNativeTarget "Yale" */ = {
			isa = XCConfigurationList;
			buildConfigurations = (
				9B8BE2B819DE153D00CFE39A /* Debug */,
				9B8BE2B919DE153D00CFE39A /* Release */,
			);
			defaultConfigurationIsVisible = 0;
			defaultConfigurationName = Release;
		};
		9B8BE2BA19DE153D00CFE39A /* Build configuration list for PBXNativeTarget "YaleTests" */ = {
			isa = XCConfigurationList;
			buildConfigurations = (
				9B8BE2BB19DE153D00CFE39A /* Debug */,
				9B8BE2BC19DE153D00CFE39A /* Release */,
			);
			defaultConfigurationIsVisible = 0;
			defaultConfigurationName = Release;
		};
/* End XCConfigurationList section */
	};
	rootObject = 9B8BE28C19DE153D00CFE39A /* Project object */;
}
